
Microsoft Visual Studio Solution File, Format Version 11.00
# Visual Studio 2010
Project("{FAE04EC0-301F-11D3-BF4B-00C04F79EFBC}") = "Assembly-CSharp", "Assembly-CSharp.csproj", "{15DB3E47-237C-A76C-C816-74EA2F6A0774}"
EndProject
Project("{FAE04EC0-301F-11D3-BF4B-00C04F79EFBC}") = "Assembly-CSharp-Editor", "Assembly-CSharp-Editor.csproj", "{4345FED8-AFE1-8021-121C-FE9D4A917820}"
EndProject
Global
	GlobalSection(SolutionConfigurationPlatforms) = preSolution
		Debug|Any CPU = Debug|Any CPU
		Release|Any CPU = Release|Any CPU
	EndGlobalSection
	GlobalSection(ProjectConfigurationPlatforms) = postSolution
		{15DB3E47-237C-A76C-C816-74EA2F6A0774}.Debug|Any CPU.ActiveCfg = Debug|Any CPU
		{15DB3E47-237C-A76C-C816-74EA2F6A0774}.Debug|Any CPU.Build.0 = Debug|Any CPU
		{15DB3E47-237C-A76C-C816-74EA2F6A0774}.Release|Any CPU.ActiveCfg = Release|Any CPU
		{15DB3E47-237C-A76C-C816-74EA2F6A0774}.Release|Any CPU.Build.0 = Release|Any CPU
		{4345FED8-AFE1-8021-121C-FE9D4A917820}.Debug|Any CPU.ActiveCfg = Debug|Any CPU
		{4345FED8-AFE1-8021-121C-FE9D4A917820}.Debug|Any CPU.Build.0 = Debug|Any CPU
		{4345FED8-AFE1-8021-121C-FE9D4A917820}.Release|Any CPU.ActiveCfg = Release|Any CPU
		{4345FED8-AFE1-8021-121C-FE9D4A917820}.Release|Any CPU.Build.0 = Release|Any CPU
	EndGlobalSection
	GlobalSection(SolutionProperties) = preSolution
		HideSolutionNode = FALSE
	EndGlobalSection
	GlobalSection(MonoDevelopProperties) = preSolution
		StartupItem = Assembly-CSharp.csproj
	EndGlobalSection
EndGlobal
